# This file was autogenerated by Stack.
# You should not edit this file by hand.
# For more information, please see the documentation at:
#   https://docs.haskellstack.org/en/stable/lock_files

packages:
- completed:
    name: isomorphism-class
    pantry-tree:
      sha256: e15893487ac37aa96b0c77a71660c9e3c402459bbb6bf1f9e4f60615f0fb7496
      size: 692
    commit: e66a02cef13eb3801e202667de4279cb3a591be0
    git: https://github.com/nikita-volkov/isomorphism-class
    version: '0.1'
  original:
    commit: e66a02cef13eb3801e202667de4279cb3a591be0
    git: https://github.com/nikita-volkov/isomorphism-class
snapshots:
- completed:
    sha256: 869e23c4f7367895ae63b129255b70bc8b4b965229aa258f6c50141c6b10ae76
    size: 607265
    url: https://raw.githubusercontent.com/commercialhaskell/stackage-snapshots/master/nightly/2022/6/8.yaml
  original: nightly-2022-06-08
